
Microsoft Visual Studio Solution File, Format Version 12.00
# Visual Studio Version 17
VisualStudioVersion = 17.1.32421.90
MinimumVisualStudioVersion = 10.0.40219.1
Project("{FAE04EC0-301F-11D3-BF4B-00C04F79EFBC}") = "EventApp.Web", "EventApp.Web\EventApp.Web.csproj", "{5D6BB42F-6430-48EF-BA1A-64B306816F9A}"
EndProject
Project("{FAE04EC0-301F-11D3-BF4B-00C04F79EFBC}") = "EventApp.Api", "EventApp.Api\EventApp.Api.csproj", "{AC5E847D-582C-4A48-8588-C797189C66BE}"
EndProject
Project("{FAE04EC0-301F-11D3-BF4B-00C04F79EFBC}") = "EventApp.Core", "EventApp.Core\EventApp.Core.csproj", "{3D926B46-3481-483D-A4ED-81FF224F69B4}"
EndProject
Global
	GlobalSection(SolutionConfigurationPlatforms) = preSolution
		Debug|Any CPU = Debug|Any CPU
		Release|Any CPU = Release|Any CPU
	EndGlobalSection
	GlobalSection(ProjectConfigurationPlatforms) = postSolution
		{5D6BB42F-6430-48EF-BA1A-64B306816F9A}.Debug|Any CPU.ActiveCfg = Debug|Any CPU
		{5D6BB42F-6430-48EF-BA1A-64B306816F9A}.Debug|Any CPU.Build.0 = Debug|Any CPU
		{5D6BB42F-6430-48EF-BA1A-64B306816F9A}.Release|Any CPU.ActiveCfg = Release|Any CPU
		{5D6BB42F-6430-48EF-BA1A-64B306816F9A}.Release|Any CPU.Build.0 = Release|Any CPU
		{AC5E847D-582C-4A48-8588-C797189C66BE}.Debug|Any CPU.ActiveCfg = Debug|Any CPU
		{AC5E847D-582C-4A48-8588-C797189C66BE}.Debug|Any CPU.Build.0 = Debug|Any CPU
		{AC5E847D-582C-4A48-8588-C797189C66BE}.Release|Any CPU.ActiveCfg = Release|Any CPU
		{AC5E847D-582C-4A48-8588-C797189C66BE}.Release|Any CPU.Build.0 = Release|Any CPU
		{3D926B46-3481-483D-A4ED-81FF224F69B4}.Debug|Any CPU.ActiveCfg = Debug|Any CPU
		{3D926B46-3481-483D-A4ED-81FF224F69B4}.Debug|Any CPU.Build.0 = Debug|Any CPU
		{3D926B46-3481-483D-A4ED-81FF224F69B4}.Release|Any CPU.ActiveCfg = Release|Any CPU
		{3D926B46-3481-483D-A4ED-81FF224F69B4}.Release|Any CPU.Build.0 = Release|Any CPU
	EndGlobalSection
	GlobalSection(SolutionProperties) = preSolution
		HideSolutionNode = FALSE
	EndGlobalSection
	GlobalSection(ExtensibilityGlobals) = postSolution
		SolutionGuid = {D98030C4-5FCD-4E4F-802C-C3ACA9D51048}
	EndGlobalSection
EndGlobal
